
Microsoft Visual Studio Solution File, Format Version 12.00
# Visual Studio Version 17
VisualStudioVersion = 17.0.31903.59
MinimumVisualStudioVersion = 10.0.40219.1
Project("{FAE04EC0-301F-11D3-BF4B-00C04F79EFBC}") = "Financial.API", "Financial.API\Financial.API.csproj", "{ED351860-D153-4AEE-A48A-541A6CFEA730}"
EndProject
Project("{FAE04EC0-301F-11D3-BF4B-00C04F79EFBC}") = "Financial.Application", "Financial.Application\Financial.Application.csproj", "{8810FFE6-3A64-48AD-A7F6-8C893BA0E5D1}"
EndProject
Project("{FAE04EC0-301F-11D3-BF4B-00C04F79EFBC}") = "Financial.Domain", "Financial.Domain\Financial.Domain.csproj", "{F26C02C6-B50B-4E73-93DC-75DD7FF9AA6B}"
EndProject
Project("{FAE04EC0-301F-11D3-BF4B-00C04F79EFBC}") = "Financial.Domain.Tests", "Financial.Domain.Tests\Financial.Domain.Tests.csproj", "{F4B1B065-3EF5-432C-9A11-DC5B2D3C783A}"
EndProject
Project("{FAE04EC0-301F-11D3-BF4B-00C04F79EFBC}") = "Financial.Infra.Data", "Financial.Infra.Data\Financial.Infra.Data.csproj", "{76E16130-EB3E-4DA8-825A-024E8EB81FE5}"
EndProject
Project("{FAE04EC0-301F-11D3-BF4B-00C04F79EFBC}") = "Financial.Infra.IoC", "Financial.Infra.IoC\Financial.Infra.IoC.csproj", "{BEACABA2-3E36-47B7-A688-A48810FD09D3}"
EndProject
Global
	GlobalSection(SolutionConfigurationPlatforms) = preSolution
		Debug|Any CPU = Debug|Any CPU
		Release|Any CPU = Release|Any CPU
	EndGlobalSection
	GlobalSection(SolutionProperties) = preSolution
		HideSolutionNode = FALSE
	EndGlobalSection
	GlobalSection(ProjectConfigurationPlatforms) = postSolution
		{ED351860-D153-4AEE-A48A-541A6CFEA730}.Debug|Any CPU.ActiveCfg = Debug|Any CPU
		{ED351860-D153-4AEE-A48A-541A6CFEA730}.Debug|Any CPU.Build.0 = Debug|Any CPU
		{ED351860-D153-4AEE-A48A-541A6CFEA730}.Release|Any CPU.ActiveCfg = Release|Any CPU
		{ED351860-D153-4AEE-A48A-541A6CFEA730}.Release|Any CPU.Build.0 = Release|Any CPU
		{8810FFE6-3A64-48AD-A7F6-8C893BA0E5D1}.Debug|Any CPU.ActiveCfg = Debug|Any CPU
		{8810FFE6-3A64-48AD-A7F6-8C893BA0E5D1}.Debug|Any CPU.Build.0 = Debug|Any CPU
		{8810FFE6-3A64-48AD-A7F6-8C893BA0E5D1}.Release|Any CPU.ActiveCfg = Release|Any CPU
		{8810FFE6-3A64-48AD-A7F6-8C893BA0E5D1}.Release|Any CPU.Build.0 = Release|Any CPU
		{F26C02C6-B50B-4E73-93DC-75DD7FF9AA6B}.Debug|Any CPU.ActiveCfg = Debug|Any CPU
		{F26C02C6-B50B-4E73-93DC-75DD7FF9AA6B}.Debug|Any CPU.Build.0 = Debug|Any CPU
		{F26C02C6-B50B-4E73-93DC-75DD7FF9AA6B}.Release|Any CPU.ActiveCfg = Release|Any CPU
		{F26C02C6-B50B-4E73-93DC-75DD7FF9AA6B}.Release|Any CPU.Build.0 = Release|Any CPU
		{F4B1B065-3EF5-432C-9A11-DC5B2D3C783A}.Debug|Any CPU.ActiveCfg = Debug|Any CPU
		{F4B1B065-3EF5-432C-9A11-DC5B2D3C783A}.Debug|Any CPU.Build.0 = Debug|Any CPU
		{F4B1B065-3EF5-432C-9A11-DC5B2D3C783A}.Release|Any CPU.ActiveCfg = Release|Any CPU
		{F4B1B065-3EF5-432C-9A11-DC5B2D3C783A}.Release|Any CPU.Build.0 = Release|Any CPU
		{76E16130-EB3E-4DA8-825A-024E8EB81FE5}.Debug|Any CPU.ActiveCfg = Debug|Any CPU
		{76E16130-EB3E-4DA8-825A-024E8EB81FE5}.Debug|Any CPU.Build.0 = Debug|Any CPU
		{76E16130-EB3E-4DA8-825A-024E8EB81FE5}.Release|Any CPU.ActiveCfg = Release|Any CPU
		{76E16130-EB3E-4DA8-825A-024E8EB81FE5}.Release|Any CPU.Build.0 = Release|Any CPU
		{BEACABA2-3E36-47B7-A688-A48810FD09D3}.Debug|Any CPU.ActiveCfg = Debug|Any CPU
		{BEACABA2-3E36-47B7-A688-A48810FD09D3}.Debug|Any CPU.Build.0 = Debug|Any CPU
		{BEACABA2-3E36-47B7-A688-A48810FD09D3}.Release|Any CPU.ActiveCfg = Release|Any CPU
		{BEACABA2-3E36-47B7-A688-A48810FD09D3}.Release|Any CPU.Build.0 = Release|Any CPU
	EndGlobalSection
EndGlobal
